// !$*UTF8*$!
{
	archiveVersion = 1;
	classes = {
	};
	objectVersion = 51;
	objects = {

/* Begin PBXBuildFile section */
		2FEAAC4624DD362600C649CC /* WMPageController.m in Sources */ = {isa = PBXBuildFile; fileRef = 2FEAAC4024DD362600C649CC /* WMPageController.m */; };
		2FEAAC4F24DD363200C649CC /* WMScrollView.m in Sources */ = {isa = PBXBuildFile; fileRef = 2FEAAC4924DD363200C649CC /* WMScrollView.m */; };
		2FEAAC5024DD363200C649CC /* WMProgressView.m in Sources */ = {isa = PBXBuildFile; fileRef = 2FEAAC4A24DD363200C649CC /* WMProgressView.m */; };
		2FEAAC5124DD363200C649CC /* WMMenuView.m in Sources */ = {isa = PBXBuildFile; fileRef = 2FEAAC4B24DD363200C649CC /* WMMenuView.m */; };
		2FEAAC5224DD363200C649CC /* WMMenuItem.m in Sources */ = {isa = PBXBuildFile; fileRef = 2FEAAC4C24DD363200C649CC /* WMMenuItem.m */; };
		2FEAAC5724DD363B00C649CC /* YKOrderChildViewController.m in Sources */ = {isa = PBXBuildFile; fileRef = 2FEAAC5324DD363B00C649CC /* YKOrderChildViewController.m */; };
		2FEAAC5824DD363B00C649CC /* YKOrderViewController.m in Sources */ = {isa = PBXBuildFile; fileRef = 2FEAAC5524DD363B00C649CC /* YKOrderViewController.m */; };
		2FEAAC5B24DD373100C649CC /* YKOrderChildTableViewCell.m in Sources */ = {isa = PBXBuildFile; fileRef = 2FEAAC5A24DD373100C649CC /* YKOrderChildTableViewCell.m */; };
		2FEAAC7524DD37B300C649CC /* TTBaseTableViewController.m in Sources */ = {isa = PBXBuildFile; fileRef = 2FEAAC7224DD37B300C649CC /* TTBaseTableViewController.m */; };
		716BD3F4B2721564868D4DD8 /* Pods_TTCollectionViewController.framework in Frameworks */ = {isa = PBXBuildFile; fileRef = 38389600F8C23D8CC31089EA /* Pods_TTCollectionViewController.framework */; };
		E7040EC423BA728F00A6FB0B /* 2.gif in Resources */ = {isa = PBXBuildFile; fileRef = E7040E9823BA728F00A6FB0B /* 2.gif */; };
		E7040EC523BA728F00A6FB0B /* 3.gif in Resources */ = {isa = PBXBuildFile; fileRef = E7040E9923BA728F00A6FB0B /* 3.gif */; };
		E7040EC623BA728F00A6FB0B /* 1.gif in Resources */ = {isa = PBXBuildFile; fileRef = E7040E9A23BA728F00A6FB0B /* 1.gif */; };
		E7040EC823BA728F00A6FB0B /* 9.gif in Resources */ = {isa = PBXBuildFile; fileRef = E7040E9C23BA728F00A6FB0B /* 9.gif */; };
		E7040ECA23BA728F00A6FB0B /* 15.gif in Resources */ = {isa = PBXBuildFile; fileRef = E7040E9E23BA728F00A6FB0B /* 15.gif */; };
		E7040ECC23BA728F00A6FB0B /* 16.gif in Resources */ = {isa = PBXBuildFile; fileRef = E7040EA023BA728F00A6FB0B /* 16.gif */; };
		E7040ECE23BA728F00A6FB0B /* 13.gif in Resources */ = {isa = PBXBuildFile; fileRef = E7040EA223BA728F00A6FB0B /* 13.gif */; };
		E7040ECF23BA728F00A6FB0B /* 11.gif in Resources */ = {isa = PBXBuildFile; fileRef = E7040EA323BA728F00A6FB0B /* 11.gif */; };
		E7040ED023BA728F00A6FB0B /* 10.gif in Resources */ = {isa = PBXBuildFile; fileRef = E7040EA423BA728F00A6FB0B /* 10.gif */; };
		E7040EF523BA746000A6FB0B /* CardCollectionViewCell.m in Sources */ = {isa = PBXBuildFile; fileRef = E7040EDA23BA746000A6FB0B /* CardCollectionViewCell.m */; };
		E7040EF623BA746000A6FB0B /* 20.gif in Resources */ = {isa = PBXBuildFile; fileRef = E7040EDC23BA746000A6FB0B /* 20.gif */; };
		E7040EF723BA746000A6FB0B /* 18.gif in Resources */ = {isa = PBXBuildFile; fileRef = E7040EDD23BA746000A6FB0B /* 18.gif */; };
		E7040EF823BA746000A6FB0B /* 19.gif in Resources */ = {isa = PBXBuildFile; fileRef = E7040EDE23BA746000A6FB0B /* 19.gif */; };
		E7040EF923BA746000A6FB0B /* 4.gif in Resources */ = {isa = PBXBuildFile; fileRef = E7040EDF23BA746000A6FB0B /* 4.gif */; };
		E7040EFA23BA746000A6FB0B /* 5.gif in Resources */ = {isa = PBXBuildFile; fileRef = E7040EE023BA746000A6FB0B /* 5.gif */; };
		E7040EFB23BA746000A6FB0B /* 7.gif in Resources */ = {isa = PBXBuildFile; fileRef = E7040EE123BA746000A6FB0B /* 7.gif */; };
		E7040EFC23BA746000A6FB0B /* 6.gif in Resources */ = {isa = PBXBuildFile; fileRef = E7040EE223BA746000A6FB0B /* 6.gif */; };
		E7040F0023BA746000A6FB0B /* 8.gif in Resources */ = {isa = PBXBuildFile; fileRef = E7040EE623BA746000A6FB0B /* 8.gif */; };
		E7040F0223BA746000A6FB0B /* 14.gif in Resources */ = {isa = PBXBuildFile; fileRef = E7040EE823BA746000A6FB0B /* 14.gif */; };
		E7040F0423BA746000A6FB0B /* 17.gif in Resources */ = {isa = PBXBuildFile; fileRef = E7040EEA23BA746000A6FB0B /* 17.gif */; };
		E7040F0623BA746000A6FB0B /* 12.gif in Resources */ = {isa = PBXBuildFile; fileRef = E7040EEC23BA746000A6FB0B /* 12.gif */; };
		E7040F0A23BA746000A6FB0B /* CardCollectionViewController.m in Sources */ = {isa = PBXBuildFile; fileRef = E7040EF023BA746000A6FB0B /* CardCollectionViewController.m */; };
		E7040F0B23BA746000A6FB0B /* CardLayout.m in Sources */ = {isa = PBXBuildFile; fileRef = E7040EF123BA746000A6FB0B /* CardLayout.m */; };
		E7040F1023BA746F00A6FB0B /* RadioCell.m in Sources */ = {isa = PBXBuildFile; fileRef = E7040F0C23BA746F00A6FB0B /* RadioCell.m */; };
		E7040F1123BA746F00A6FB0B /* RadioCollectionViewController.m in Sources */ = {isa = PBXBuildFile; fileRef = E7040F0E23BA746F00A6FB0B /* RadioCollectionViewController.m */; };
		E7040F1A23BA747C00A6FB0B /* TagsLayout.m in Sources */ = {isa = PBXBuildFile; fileRef = E7040F1423BA747C00A6FB0B /* TagsLayout.m */; };
		E7040F1B23BA747C00A6FB0B /* TagsCell.m in Sources */ = {isa = PBXBuildFile; fileRef = E7040F1723BA747C00A6FB0B /* TagsCell.m */; };
		E7040F1C23BA747C00A6FB0B /* TagsCollectionViewController.m in Sources */ = {isa = PBXBuildFile; fileRef = E7040F1823BA747C00A6FB0B /* TagsCollectionViewController.m */; };
		E7040F1D23BA747C00A6FB0B /* TagsModel.m in Sources */ = {isa = PBXBuildFile; fileRef = E7040F1923BA747C00A6FB0B /* TagsModel.m */; };
		E7040F2423BA749100A6FB0B /* HorizontalScrollLayout.m in Sources */ = {isa = PBXBuildFile; fileRef = E7040F1F23BA749100A6FB0B /* HorizontalScrollLayout.m */; };
		E7040F2523BA749100A6FB0B /* HorizontalScrollCell.m in Sources */ = {isa = PBXBuildFile; fileRef = E7040F2023BA749100A6FB0B /* HorizontalScrollCell.m */; };
		E7040F2623BA749100A6FB0B /* HorizontalScrollViewController.m in Sources */ = {isa = PBXBuildFile; fileRef = E7040F2323BA749100A6FB0B /* HorizontalScrollViewController.m */; };
		E729398522D3324A00213FFB /* TTTableHeaderViewController.m in Sources */ = {isa = PBXBuildFile; fileRef = E729398422D3324A00213FFB /* TTTableHeaderViewController.m */; };
		E729398822D3326000213FFB /* TTTableHeaderView.m in Sources */ = {isa = PBXBuildFile; fileRef = E729398722D3326000213FFB /* TTTableHeaderView.m */; };
		E73A603F22C9F47F008E984A /* TTRoomChatViewController.m in Sources */ = {isa = PBXBuildFile; fileRef = E73A603E22C9F47F008E984A /* TTRoomChatViewController.m */; };
		E73A604222C9F506008E984A /* MessageModel.m in Sources */ = {isa = PBXBuildFile; fileRef = E73A604122C9F506008E984A /* MessageModel.m */; };
		E73A604522C9F560008E984A /* TTRoomChatTableViewCell.m in Sources */ = {isa = PBXBuildFile; fileRef = E73A604422C9F560008E984A /* TTRoomChatTableViewCell.m */; };
		E73A604822CA0A42008E984A /* TTMessageViewController.m in Sources */ = {isa = PBXBuildFile; fileRef = E73A604722CA0A42008E984A /* TTMessageViewController.m */; };
		E73A604B22CA0AA4008E984A /* TTMessageCell.m in Sources */ = {isa = PBXBuildFile; fileRef = E73A604A22CA0AA4008E984A /* TTMessageCell.m */; };
		E79627A322BB829600CA4E03 /* AppDelegate.m in Sources */ = {isa = PBXBuildFile; fileRef = E79627A222BB829600CA4E03 /* AppDelegate.m */; };
		E79627AB22BB82B200CA4E03 /* Assets.xcassets in Resources */ = {isa = PBXBuildFile; fileRef = E79627AA22BB82B200CA4E03 /* Assets.xcassets */; };
		E79627AE22BB82B200CA4E03 /* LaunchScreen.storyboard in Resources */ = {isa = PBXBuildFile; fileRef = E79627AC22BB82B200CA4E03 /* LaunchScreen.storyboard */; };
		E79627B122BB82B200CA4E03 /* main.m in Sources */ = {isa = PBXBuildFile; fileRef = E79627B022BB82B200CA4E03 /* main.m */; };
		E796282622BB984500CA4E03 /* NSObject+Toast.m in Sources */ = {isa = PBXBuildFile; fileRef = E796280F22BB984500CA4E03 /* NSObject+Toast.m */; };
		E796282722BB984500CA4E03 /* TTNavigationController.m in Sources */ = {isa = PBXBuildFile; fileRef = E796281122BB984500CA4E03 /* TTNavigationController.m */; };
		E796282822BB984500CA4E03 /* TTBaseViewController.m in Sources */ = {isa = PBXBuildFile; fileRef = E796281422BB984500CA4E03 /* TTBaseViewController.m */; };
		E796282922BB984500CA4E03 /* TYPageControl.m in Sources */ = {isa = PBXBuildFile; fileRef = E796281822BB984500CA4E03 /* TYPageControl.m */; };
		E796282A22BB984500CA4E03 /* TYCyclePagerView.m in Sources */ = {isa = PBXBuildFile; fileRef = E796281922BB984500CA4E03 /* TYCyclePagerView.m */; };
		E796282B22BB984500CA4E03 /* TYCyclePagerTransformLayout.m in Sources */ = {isa = PBXBuildFile; fileRef = E796281A22BB984500CA4E03 /* TYCyclePagerTransformLayout.m */; };
		E796282C22BB984500CA4E03 /* TTClubCollectionViewCell.m in Sources */ = {isa = PBXBuildFile; fileRef = E796281E22BB984500CA4E03 /* TTClubCollectionViewCell.m */; };
		E796282D22BB984500CA4E03 /* TTClubCollectionHeaderView.m in Sources */ = {isa = PBXBuildFile; fileRef = E796281F22BB984500CA4E03 /* TTClubCollectionHeaderView.m */; };
		E796282E22BB984500CA4E03 /* TTClubCollectionViewController.m in Sources */ = {isa = PBXBuildFile; fileRef = E796282022BB984500CA4E03 /* TTClubCollectionViewController.m */; };
		E796282F22BB984500CA4E03 /* TTClubCollectionFooterView.m in Sources */ = {isa = PBXBuildFile; fileRef = E796282422BB984500CA4E03 /* TTClubCollectionFooterView.m */; };
		E796283222BB98C100CA4E03 /* TTBannerCollectionViewCell.m in Sources */ = {isa = PBXBuildFile; fileRef = E796283122BB98C100CA4E03 /* TTBannerCollectionViewCell.m */; };
		E796283822BB991100CA4E03 /* TTBannerViewCell.m in Sources */ = {isa = PBXBuildFile; fileRef = E796283722BB991100CA4E03 /* TTBannerViewCell.m */; };
		E796283B22BB9ADC00CA4E03 /* BannerModel.m in Sources */ = {isa = PBXBuildFile; fileRef = E796283A22BB9ADC00CA4E03 /* BannerModel.m */; };
/* End PBXBuildFile section */

/* Begin PBXFileReference section */
		2FEAAC3624DD362600C649CC /* WMPageController.h */ = {isa = PBXFileReference; fileEncoding = 4; lastKnownFileType = sourcecode.c.h; path = WMPageController.h; sourceTree = "<group>"; };
		2FEAAC4024DD362600C649CC /* WMPageController.m */ = {isa = PBXFileReference; fileEncoding = 4; lastKnownFileType = sourcecode.c.objc; path = WMPageController.m; sourceTree = "<group>"; };
		2FEAAC4124DD362600C649CC /* WMPageConst.h */ = {isa = PBXFileReference; fileEncoding = 4; lastKnownFileType = sourcecode.c.h; path = WMPageConst.h; sourceTree = "<group>"; };
		2FEAAC4724DD363200C649CC /* WMMenuView.h */ = {isa = PBXFileReference; fileEncoding = 4; lastKnownFileType = sourcecode.c.h; path = WMMenuView.h; sourceTree = "<group>"; };
		2FEAAC4824DD363200C649CC /* WMMenuItem.h */ = {isa = PBXFileReference; fileEncoding = 4; lastKnownFileType = sourcecode.c.h; path = WMMenuItem.h; sourceTree = "<group>"; };
		2FEAAC4924DD363200C649CC /* WMScrollView.m */ = {isa = PBXFileReference; fileEncoding = 4; lastKnownFileType = sourcecode.c.objc; path = WMScrollView.m; sourceTree = "<group>"; };
		2FEAAC4A24DD363200C649CC /* WMProgressView.m */ = {isa = PBXFileReference; fileEncoding = 4; lastKnownFileType = sourcecode.c.objc; path = WMProgressView.m; sourceTree = "<group>"; };
		2FEAAC4B24DD363200C649CC /* WMMenuView.m */ = {isa = PBXFileReference; fileEncoding = 4; lastKnownFileType = sourcecode.c.objc; path = WMMenuView.m; sourceTree = "<group>"; };
		2FEAAC4C24DD363200C649CC /* WMMenuItem.m */ = {isa = PBXFileReference; fileEncoding = 4; lastKnownFileType = sourcecode.c.objc; path = WMMenuItem.m; sourceTree = "<group>"; };
		2FEAAC4D24DD363200C649CC /* WMScrollView.h */ = {isa = PBXFileReference; fileEncoding = 4; lastKnownFileType = sourcecode.c.h; path = WMScrollView.h; sourceTree = "<group>"; };
		2FEAAC4E24DD363200C649CC /* WMProgressView.h */ = {isa = PBXFileReference; fileEncoding = 4; lastKnownFileType = sourcecode.c.h; path = WMProgressView.h; sourceTree = "<group>"; };
		2FEAAC5324DD363B00C649CC /* YKOrderChildViewController.m */ = {isa = PBXFileReference; fileEncoding = 4; lastKnownFileType = sourcecode.c.objc; path = YKOrderChildViewController.m; sourceTree = "<group>"; };
		2FEAAC5424DD363B00C649CC /* YKOrderViewController.h */ = {isa = PBXFileReference; fileEncoding = 4; lastKnownFileType = sourcecode.c.h; path = YKOrderViewController.h; sourceTree = "<group>"; };
		2FEAAC5524DD363B00C649CC /* YKOrderViewController.m */ = {isa = PBXFileReference; fileEncoding = 4; lastKnownFileType = sourcecode.c.objc; path = YKOrderViewController.m; sourceTree = "<group>"; };
		2FEAAC5624DD363B00C649CC /* YKOrderChildViewController.h */ = {isa = PBXFileReference; fileEncoding = 4; lastKnownFileType = sourcecode.c.h; path = YKOrderChildViewController.h; sourceTree = "<group>"; };
		2FEAAC5924DD373100C649CC /* YKOrderChildTableViewCell.h */ = {isa = PBXFileReference; fileEncoding = 4; lastKnownFileType = sourcecode.c.h; path = YKOrderChildTableViewCell.h; sourceTree = "<group>"; };
		2FEAAC5A24DD373100C649CC /* YKOrderChildTableViewCell.m */ = {isa = PBXFileReference; fileEncoding = 4; lastKnownFileType = sourcecode.c.objc; path = YKOrderChildTableViewCell.m; sourceTree = "<group>"; };
		2FEAAC7024DD37B300C649CC /* TTBaseTableViewController.h */ = {isa = PBXFileReference; fileEncoding = 4; lastKnownFileType = sourcecode.c.h; path = TTBaseTableViewController.h; sourceTree = "<group>"; };
		2FEAAC7224DD37B300C649CC /* TTBaseTableViewController.m */ = {isa = PBXFileReference; fileEncoding = 4; lastKnownFileType = sourcecode.c.objc; path = TTBaseTableViewController.m; sourceTree = "<group>"; };
		38389600F8C23D8CC31089EA /* Pods_TTCollectionViewController.framework */ = {isa = PBXFileReference; explicitFileType = wrapper.framework; includeInIndex = 0; path = Pods_TTCollectionViewController.framework; sourceTree = BUILT_PRODUCTS_DIR; };
		6D1C39226D6ADB0467BF4826 /* Pods-TTCollectionViewController.release.xcconfig */ = {isa = PBXFileReference; includeInIndex = 1; lastKnownFileType = text.xcconfig; name = "Pods-TTCollectionViewController.release.xcconfig"; path = "Target Support Files/Pods-TTCollectionViewController/Pods-TTCollectionViewController.release.xcconfig"; sourceTree = "<group>"; };
		79527D84B1FEE904520F6A4D /* Pods-TTCollectionViewController.debug.xcconfig */ = {isa = PBXFileReference; includeInIndex = 1; lastKnownFileType = text.xcconfig; name = "Pods-TTCollectionViewController.debug.xcconfig"; path = "Target Support Files/Pods-TTCollectionViewController/Pods-TTCollectionViewController.debug.xcconfig"; sourceTree = "<group>"; };
		E7040E9123BA728F00A6FB0B /* 20.gif */ = {isa = PBXFileReference; lastKnownFileType = image.gif; path = 20.gif; sourceTree = "<group>"; };
		E7040E9223BA728F00A6FB0B /* 18.gif */ = {isa = PBXFileReference; lastKnownFileType = image.gif; path = 18.gif; sourceTree = "<group>"; };
		E7040E9323BA728F00A6FB0B /* 19.gif */ = {isa = PBXFileReference; lastKnownFileType = image.gif; path = 19.gif; sourceTree = "<group>"; };
		E7040E9423BA728F00A6FB0B /* 4.gif */ = {isa = PBXFileReference; lastKnownFileType = image.gif; path = 4.gif; sourceTree = "<group>"; };
		E7040E9523BA728F00A6FB0B /* 5.gif */ = {isa = PBXFileReference; lastKnownFileType = image.gif; path = 5.gif; sourceTree = "<group>"; };
		E7040E9623BA728F00A6FB0B /* 7.gif */ = {isa = PBXFileReference; lastKnownFileType = image.gif; path = 7.gif; sourceTree = "<group>"; };
		E7040E9723BA728F00A6FB0B /* 6.gif */ = {isa = PBXFileReference; lastKnownFileType = image.gif; path = 6.gif; sourceTree = "<group>"; };
		E7040E9823BA728F00A6FB0B /* 2.gif */ = {isa = PBXFileReference; lastKnownFileType = image.gif; path = 2.gif; sourceTree = "<group>"; };
		E7040E9923BA728F00A6FB0B /* 3.gif */ = {isa = PBXFileReference; lastKnownFileType = image.gif; path = 3.gif; sourceTree = "<group>"; };
		E7040E9A23BA728F00A6FB0B /* 1.gif */ = {isa = PBXFileReference; lastKnownFileType = image.gif; path = 1.gif; sourceTree = "<group>"; };
		E7040E9B23BA728F00A6FB0B /* 8.gif */ = {isa = PBXFileReference; lastKnownFileType = image.gif; path = 8.gif; sourceTree = "<group>"; };
		E7040E9C23BA728F00A6FB0B /* 9.gif */ = {isa = PBXFileReference; lastKnownFileType = image.gif; path = 9.gif; sourceTree = "<group>"; };
		E7040E9D23BA728F00A6FB0B /* 14.gif */ = {isa = PBXFileReference; lastKnownFileType = image.gif; path = 14.gif; sourceTree = "<group>"; };
		E7040E9E23BA728F00A6FB0B /* 15.gif */ = {isa = PBXFileReference; lastKnownFileType = image.gif; path = 15.gif; sourceTree = "<group>"; };
		E7040E9F23BA728F00A6FB0B /* 17.gif */ = {isa = PBXFileReference; lastKnownFileType = image.gif; path = 17.gif; sourceTree = "<group>"; };
		E7040EA023BA728F00A6FB0B /* 16.gif */ = {isa = PBXFileReference; lastKnownFileType = image.gif; path = 16.gif; sourceTree = "<group>"; };
		E7040EA123BA728F00A6FB0B /* 12.gif */ = {isa = PBXFileReference; lastKnownFileType = image.gif; path = 12.gif; sourceTree = "<group>"; };
		E7040EA223BA728F00A6FB0B /* 13.gif */ = {isa = PBXFileReference; lastKnownFileType = image.gif; path = 13.gif; sourceTree = "<group>"; };
		E7040EA323BA728F00A6FB0B /* 11.gif */ = {isa = PBXFileReference; lastKnownFileType = image.gif; path = 11.gif; sourceTree = "<group>"; };
		E7040EA423BA728F00A6FB0B /* 10.gif */ = {isa = PBXFileReference; lastKnownFileType = image.gif; path = 10.gif; sourceTree = "<group>"; };
		E7040EDA23BA746000A6FB0B /* CardCollectionViewCell.m */ = {isa = PBXFileReference; fileEncoding = 4; lastKnownFileType = sourcecode.c.objc; path = CardCollectionViewCell.m; sourceTree = "<group>"; };
		E7040EDC23BA746000A6FB0B /* 20.gif */ = {isa = PBXFileReference; lastKnownFileType = image.gif; path = 20.gif; sourceTree = "<group>"; };
		E7040EDD23BA746000A6FB0B /* 18.gif */ = {isa = PBXFileReference; lastKnownFileType = image.gif; path = 18.gif; sourceTree = "<group>"; };
		E7040EDE23BA746000A6FB0B /* 19.gif */ = {isa = PBXFileReference; lastKnownFileType = image.gif; path = 19.gif; sourceTree = "<group>"; };
		E7040EDF23BA746000A6FB0B /* 4.gif */ = {isa = PBXFileReference; lastKnownFileType = image.gif; path = 4.gif; sourceTree = "<group>"; };
		E7040EE023BA746000A6FB0B /* 5.gif */ = {isa = PBXFileReference; lastKnownFileType = image.gif; path = 5.gif; sourceTree = "<group>"; };
		E7040EE123BA746000A6FB0B /* 7.gif */ = {isa = PBXFileReference; lastKnownFileType = image.gif; path = 7.gif; sourceTree = "<group>"; };
		E7040EE223BA746000A6FB0B /* 6.gif */ = {isa = PBXFileReference; lastKnownFileType = image.gif; path = 6.gif; sourceTree = "<group>"; };
		E7040EE323BA746000A6FB0B /* 2.gif */ = {isa = PBXFileReference; lastKnownFileType = image.gif; path = 2.gif; sourceTree = "<group>"; };
		E7040EE423BA746000A6FB0B /* 3.gif */ = {isa = PBXFileReference; lastKnownFileType = image.gif; path = 3.gif; sourceTree = "<group>"; };
		E7040EE523BA746000A6FB0B /* 1.gif */ = {isa = PBXFileReference; lastKnownFileType = image.gif; path = 1.gif; sourceTree = "<group>"; };
		E7040EE623BA746000A6FB0B /* 8.gif */ = {isa = PBXFileReference; lastKnownFileType = image.gif; path = 8.gif; sourceTree = "<group>"; };
		E7040EE723BA746000A6FB0B /* 9.gif */ = {isa = PBXFileReference; lastKnownFileType = image.gif; path = 9.gif; sourceTree = "<group>"; };
		E7040EE823BA746000A6FB0B /* 14.gif */ = {isa = PBXFileReference; lastKnownFileType = image.gif; path = 14.gif; sourceTree = "<group>"; };
		E7040EE923BA746000A6FB0B /* 15.gif */ = {isa = PBXFileReference; lastKnownFileType = image.gif; path = 15.gif; sourceTree = "<group>"; };
		E7040EEA23BA746000A6FB0B /* 17.gif */ = {isa = PBXFileReference; lastKnownFileType = image.gif; path = 17.gif; sourceTree = "<group>"; };
		E7040EEB23BA746000A6FB0B /* 16.gif */ = {isa = PBXFileReference; lastKnownFileType = image.gif; path = 16.gif; sourceTree = "<group>"; };
		E7040EEC23BA746000A6FB0B /* 12.gif */ = {isa = PBXFileReference; lastKnownFileType = image.gif; path = 12.gif; sourceTree = "<group>"; };
		E7040EED23BA746000A6FB0B /* 13.gif */ = {isa = PBXFileReference; lastKnownFileType = image.gif; path = 13.gif; sourceTree = "<group>"; };
		E7040EEE23BA746000A6FB0B /* 11.gif */ = {isa = PBXFileReference; lastKnownFileType = image.gif; path = 11.gif; sourceTree = "<group>"; };
		E7040EEF23BA746000A6FB0B /* 10.gif */ = {isa = PBXFileReference; lastKnownFileType = image.gif; path = 10.gif; sourceTree = "<group>"; };
		E7040EF023BA746000A6FB0B /* CardCollectionViewController.m */ = {isa = PBXFileReference; fileEncoding = 4; lastKnownFileType = sourcecode.c.objc; path = CardCollectionViewController.m; sourceTree = "<group>"; };
		E7040EF123BA746000A6FB0B /* CardLayout.m */ = {isa = PBXFileReference; fileEncoding = 4; lastKnownFileType = sourcecode.c.objc; path = CardLayout.m; sourceTree = "<group>"; };
		E7040EF223BA746000A6FB0B /* CardCollectionViewCell.h */ = {isa = PBXFileReference; fileEncoding = 4; lastKnownFileType = sourcecode.c.h; path = CardCollectionViewCell.h; sourceTree = "<group>"; };
		E7040EF323BA746000A6FB0B /* CardCollectionViewController.h */ = {isa = PBXFileReference; fileEncoding = 4; lastKnownFileType = sourcecode.c.h; path = CardCollectionViewController.h; sourceTree = "<group>"; };
		E7040EF423BA746000A6FB0B /* CardLayout.h */ = {isa = PBXFileReference; fileEncoding = 4; lastKnownFileType = sourcecode.c.h; path = CardLayout.h; sourceTree = "<group>"; };
		E7040F0C23BA746F00A6FB0B /* RadioCell.m */ = {isa = PBXFileReference; fileEncoding = 4; lastKnownFileType = sourcecode.c.objc; path = RadioCell.m; sourceTree = "<group>"; };
		E7040F0D23BA746F00A6FB0B /* RadioCell.h */ = {isa = PBXFileReference; fileEncoding = 4; lastKnownFileType = sourcecode.c.h; path = RadioCell.h; sourceTree = "<group>"; };
		E7040F0E23BA746F00A6FB0B /* RadioCollectionViewController.m */ = {isa = PBXFileReference; fileEncoding = 4; lastKnownFileType = sourcecode.c.objc; path = RadioCollectionViewController.m; sourceTree = "<group>"; };
		E7040F0F23BA746F00A6FB0B /* RadioCollectionViewController.h */ = {isa = PBXFileReference; fileEncoding = 4; lastKnownFileType = sourcecode.c.h; path = RadioCollectionViewController.h; sourceTree = "<group>"; };
		E7040F1223BA747C00A6FB0B /* TagsLayout.h */ = {isa = PBXFileReference; fileEncoding = 4; lastKnownFileType = sourcecode.c.h; path = TagsLayout.h; sourceTree = "<group>"; };
		E7040F1323BA747C00A6FB0B /* TagsCell.h */ = {isa = PBXFileReference; fileEncoding = 4; lastKnownFileType = sourcecode.c.h; path = TagsCell.h; sourceTree = "<group>"; };
		E7040F1423BA747C00A6FB0B /* TagsLayout.m */ = {isa = PBXFileReference; fileEncoding = 4; lastKnownFileType = sourcecode.c.objc; path = TagsLayout.m; sourceTree = "<group>"; };
		E7040F1523BA747C00A6FB0B /* TagsModel.h */ = {isa = PBXFileReference; fileEncoding = 4; lastKnownFileType = sourcecode.c.h; path = TagsModel.h; sourceTree = "<group>"; };
		E7040F1623BA747C00A6FB0B /* TagsCollectionViewController.h */ = {isa = PBXFileReference; fileEncoding = 4; lastKnownFileType = sourcecode.c.h; path = TagsCollectionViewController.h; sourceTree = "<group>"; };
		E7040F1723BA747C00A6FB0B /* TagsCell.m */ = {isa = PBXFileReference; fileEncoding = 4; lastKnownFileType = sourcecode.c.objc; path = TagsCell.m; sourceTree = "<group>"; };
		E7040F1823BA747C00A6FB0B /* TagsCollectionViewController.m */ = {isa = PBXFileReference; fileEncoding = 4; lastKnownFileType = sourcecode.c.objc; path = TagsCollectionViewController.m; sourceTree = "<group>"; };
		E7040F1923BA747C00A6FB0B /* TagsModel.m */ = {isa = PBXFileReference; fileEncoding = 4; lastKnownFileType = sourcecode.c.objc; path = TagsModel.m; sourceTree = "<group>"; };
		E7040F1E23BA749100A6FB0B /* HorizontalScrollLayout.h */ = {isa = PBXFileReference; fileEncoding = 4; lastKnownFileType = sourcecode.c.h; path = HorizontalScrollLayout.h; sourceTree = "<group>"; };
		E7040F1F23BA749100A6FB0B /* HorizontalScrollLayout.m */ = {isa = PBXFileReference; fileEncoding = 4; lastKnownFileType = sourcecode.c.objc; path = HorizontalScrollLayout.m; sourceTree = "<group>"; };
		E7040F2023BA749100A6FB0B /* HorizontalScrollCell.m */ = {isa = PBXFileReference; fileEncoding = 4; lastKnownFileType = sourcecode.c.objc; path = HorizontalScrollCell.m; sourceTree = "<group>"; };
		E7040F2123BA749100A6FB0B /* HorizontalScrollCell.h */ = {isa = PBXFileReference; fileEncoding = 4; lastKnownFileType = sourcecode.c.h; path = HorizontalScrollCell.h; sourceTree = "<group>"; };
		E7040F2223BA749100A6FB0B /* HorizontalScrollViewController.h */ = {isa = PBXFileReference; fileEncoding = 4; lastKnownFileType = sourcecode.c.h; path = HorizontalScrollViewController.h; sourceTree = "<group>"; };
		E7040F2323BA749100A6FB0B /* HorizontalScrollViewController.m */ = {isa = PBXFileReference; fileEncoding = 4; lastKnownFileType = sourcecode.c.objc; path = HorizontalScrollViewController.m; sourceTree = "<group>"; };
		E729398322D3324A00213FFB /* TTTableHeaderViewController.h */ = {isa = PBXFileReference; lastKnownFileType = sourcecode.c.h; path = TTTableHeaderViewController.h; sourceTree = "<group>"; };
		E729398422D3324A00213FFB /* TTTableHeaderViewController.m */ = {isa = PBXFileReference; lastKnownFileType = sourcecode.c.objc; path = TTTableHeaderViewController.m; sourceTree = "<group>"; };
		E729398622D3326000213FFB /* TTTableHeaderView.h */ = {isa = PBXFileReference; lastKnownFileType = sourcecode.c.h; path = TTTableHeaderView.h; sourceTree = "<group>"; };
		E729398722D3326000213FFB /* TTTableHeaderView.m */ = {isa = PBXFileReference; lastKnownFileType = sourcecode.c.objc; path = TTTableHeaderView.m; sourceTree = "<group>"; };
		E73A603D22C9F47F008E984A /* TTRoomChatViewController.h */ = {isa = PBXFileReference; lastKnownFileType = sourcecode.c.h; path = TTRoomChatViewController.h; sourceTree = "<group>"; };
		E73A603E22C9F47F008E984A /* TTRoomChatViewController.m */ = {isa = PBXFileReference; lastKnownFileType = sourcecode.c.objc; path = TTRoomChatViewController.m; sourceTree = "<group>"; };
		E73A604022C9F506008E984A /* MessageModel.h */ = {isa = PBXFileReference; lastKnownFileType = sourcecode.c.h; path = MessageModel.h; sourceTree = "<group>"; };
		E73A604122C9F506008E984A /* MessageModel.m */ = {isa = PBXFileReference; lastKnownFileType = sourcecode.c.objc; path = MessageModel.m; sourceTree = "<group>"; };
		E73A604322C9F560008E984A /* TTRoomChatTableViewCell.h */ = {isa = PBXFileReference; lastKnownFileType = sourcecode.c.h; path = TTRoomChatTableViewCell.h; sourceTree = "<group>"; };
		E73A604422C9F560008E984A /* TTRoomChatTableViewCell.m */ = {isa = PBXFileReference; lastKnownFileType = sourcecode.c.objc; path = TTRoomChatTableViewCell.m; sourceTree = "<group>"; };
		E73A604622CA0A42008E984A /* TTMessageViewController.h */ = {isa = PBXFileReference; lastKnownFileType = sourcecode.c.h; path = TTMessageViewController.h; sourceTree = "<group>"; };
		E73A604722CA0A42008E984A /* TTMessageViewController.m */ = {isa = PBXFileReference; lastKnownFileType = sourcecode.c.objc; path = TTMessageViewController.m; sourceTree = "<group>"; };
		E73A604922CA0AA4008E984A /* TTMessageCell.h */ = {isa = PBXFileReference; lastKnownFileType = sourcecode.c.h; path = TTMessageCell.h; sourceTree = "<group>"; };
		E73A604A22CA0AA4008E984A /* TTMessageCell.m */ = {isa = PBXFileReference; lastKnownFileType = sourcecode.c.objc; path = TTMessageCell.m; sourceTree = "<group>"; };
		E796279E22BB829600CA4E03 /* TTCollectionViewController.app */ = {isa = PBXFileReference; explicitFileType = wrapper.application; includeInIndex = 0; path = TTCollectionViewController.app; sourceTree = BUILT_PRODUCTS_DIR; };
		E79627A122BB829600CA4E03 /* AppDelegate.h */ = {isa = PBXFileReference; lastKnownFileType = sourcecode.c.h; path = AppDelegate.h; sourceTree = "<group>"; };
		E79627A222BB829600CA4E03 /* AppDelegate.m */ = {isa = PBXFileReference; lastKnownFileType = sourcecode.c.objc; path = AppDelegate.m; sourceTree = "<group>"; };
		E79627AA22BB82B200CA4E03 /* Assets.xcassets */ = {isa = PBXFileReference; lastKnownFileType = folder.assetcatalog; path = Assets.xcassets; sourceTree = "<group>"; };
		E79627AD22BB82B200CA4E03 /* Base */ = {isa = PBXFileReference; lastKnownFileType = file.storyboard; name = Base; path = Base.lproj/LaunchScreen.storyboard; sourceTree = "<group>"; };
		E79627AF22BB82B200CA4E03 /* Info.plist */ = {isa = PBXFileReference; lastKnownFileType = text.plist.xml; path = Info.plist; sourceTree = "<group>"; };
		E79627B022BB82B200CA4E03 /* main.m */ = {isa = PBXFileReference; lastKnownFileType = sourcecode.c.objc; path = main.m; sourceTree = "<group>"; };
		E79627CB22BB841900CA4E03 /* PrefixHeader.h */ = {isa = PBXFileReference; lastKnownFileType = sourcecode.c.h; path = PrefixHeader.h; sourceTree = "<group>"; };
		E796280E22BB984500CA4E03 /* NSObject+Toast.h */ = {isa = PBXFileReference; fileEncoding = 4; lastKnownFileType = sourcecode.c.h; path = "NSObject+Toast.h"; sourceTree = "<group>"; };
		E796280F22BB984500CA4E03 /* NSObject+Toast.m */ = {isa = PBXFileReference; fileEncoding = 4; lastKnownFileType = sourcecode.c.objc; path = "NSObject+Toast.m"; sourceTree = "<group>"; };
		E796281122BB984500CA4E03 /* TTNavigationController.m */ = {isa = PBXFileReference; fileEncoding = 4; lastKnownFileType = sourcecode.c.objc; path = TTNavigationController.m; sourceTree = "<group>"; };
		E796281222BB984500CA4E03 /* TTBaseViewController.h */ = {isa = PBXFileReference; fileEncoding = 4; lastKnownFileType = sourcecode.c.h; path = TTBaseViewController.h; sourceTree = "<group>"; };
		E796281322BB984500CA4E03 /* TTNavigationController.h */ = {isa = PBXFileReference; fileEncoding = 4; lastKnownFileType = sourcecode.c.h; path = TTNavigationController.h; sourceTree = "<group>"; };
		E796281422BB984500CA4E03 /* TTBaseViewController.m */ = {isa = PBXFileReference; fileEncoding = 4; lastKnownFileType = sourcecode.c.objc; path = TTBaseViewController.m; sourceTree = "<group>"; };
		E796281622BB984500CA4E03 /* TYCyclePagerView.h */ = {isa = PBXFileReference; fileEncoding = 4; lastKnownFileType = sourcecode.c.h; path = TYCyclePagerView.h; sourceTree = "<group>"; };
		E796281722BB984500CA4E03 /* TYCyclePagerTransformLayout.h */ = {isa = PBXFileReference; fileEncoding = 4; lastKnownFileType = sourcecode.c.h; path = TYCyclePagerTransformLayout.h; sourceTree = "<group>"; };
		E796281822BB984500CA4E03 /* TYPageControl.m */ = {isa = PBXFileReference; fileEncoding = 4; lastKnownFileType = sourcecode.c.objc; path = TYPageControl.m; sourceTree = "<group>"; };
		E796281922BB984500CA4E03 /* TYCyclePagerView.m */ = {isa = PBXFileReference; fileEncoding = 4; lastKnownFileType = sourcecode.c.objc; path = TYCyclePagerView.m; sourceTree = "<group>"; };
		E796281A22BB984500CA4E03 /* TYCyclePagerTransformLayout.m */ = {isa = PBXFileReference; fileEncoding = 4; lastKnownFileType = sourcecode.c.objc; path = TYCyclePagerTransformLayout.m; sourceTree = "<group>"; };
		E796281B22BB984500CA4E03 /* TYPageControl.h */ = {isa = PBXFileReference; fileEncoding = 4; lastKnownFileType = sourcecode.c.h; path = TYPageControl.h; sourceTree = "<group>"; };
		E796281E22BB984500CA4E03 /* TTClubCollectionViewCell.m */ = {isa = PBXFileReference; fileEncoding = 4; lastKnownFileType = sourcecode.c.objc; path = TTClubCollectionViewCell.m; sourceTree = "<group>"; };
		E796281F22BB984500CA4E03 /* TTClubCollectionHeaderView.m */ = {isa = PBXFileReference; fileEncoding = 4; lastKnownFileType = sourcecode.c.objc; path = TTClubCollectionHeaderView.m; sourceTree = "<group>"; };
		E796282022BB984500CA4E03 /* TTClubCollectionViewController.m */ = {isa = PBXFileReference; fileEncoding = 4; lastKnownFileType = sourcecode.c.objc; path = TTClubCollectionViewController.m; sourceTree = "<group>"; };
		E796282122BB984500CA4E03 /* TTClubCollectionFooterView.h */ = {isa = PBXFileReference; fileEncoding = 4; lastKnownFileType = sourcecode.c.h; path = TTClubCollectionFooterView.h; sourceTree = "<group>"; };
		E796282222BB984500CA4E03 /* TTClubCollectionHeaderView.h */ = {isa = PBXFileReference; fileEncoding = 4; lastKnownFileType = sourcecode.c.h; path = TTClubCollectionHeaderView.h; sourceTree = "<group>"; };
		E796282322BB984500CA4E03 /* TTClubCollectionViewCell.h */ = {isa = PBXFileReference; fileEncoding = 4; lastKnownFileType = sourcecode.c.h; path = TTClubCollectionViewCell.h; sourceTree = "<group>"; };
		E796282422BB984500CA4E03 /* TTClubCollectionFooterView.m */ = {isa = PBXFileReference; fileEncoding = 4; lastKnownFileType = sourcecode.c.objc; path = TTClubCollectionFooterView.m; sourceTree = "<group>"; };
		E796282522BB984500CA4E03 /* TTClubCollectionViewController.h */ = {isa = PBXFileReference; fileEncoding = 4; lastKnownFileType = sourcecode.c.h; path = TTClubCollectionViewController.h; sourceTree = "<group>"; };
		E796283022BB98C100CA4E03 /* TTBannerCollectionViewCell.h */ = {isa = PBXFileReference; lastKnownFileType = sourcecode.c.h; path = TTBannerCollectionViewCell.h; sourceTree = "<group>"; };
		E796283122BB98C100CA4E03 /* TTBannerCollectionViewCell.m */ = {isa = PBXFileReference; lastKnownFileType = sourcecode.c.objc; path = TTBannerCollectionViewCell.m; sourceTree = "<group>"; };
		E796283622BB991100CA4E03 /* TTBannerViewCell.h */ = {isa = PBXFileReference; lastKnownFileType = sourcecode.c.h; path = TTBannerViewCell.h; sourceTree = "<group>"; };
		E796283722BB991100CA4E03 /* TTBannerViewCell.m */ = {isa = PBXFileReference; lastKnownFileType = sourcecode.c.objc; path = TTBannerViewCell.m; sourceTree = "<group>"; };
		E796283922BB9ADC00CA4E03 /* BannerModel.h */ = {isa = PBXFileReference; lastKnownFileType = sourcecode.c.h; path = BannerModel.h; sourceTree = "<group>"; };
		E796283A22BB9ADC00CA4E03 /* BannerModel.m */ = {isa = PBXFileReference; lastKnownFileType = sourcecode.c.objc; path = BannerModel.m; sourceTree = "<group>"; };
/* End PBXFileReference section */

/* Begin PBXFrameworksBuildPhase section */
		E796279B22BB829600CA4E03 /* Frameworks */ = {
			isa = PBXFrameworksBuildPhase;
			buildActionMask = 2147483647;
			files = (
				716BD3F4B2721564868D4DD8 /* Pods_TTCollectionViewController.framework in Frameworks */,
			);
			runOnlyForDeploymentPostprocessing = 0;
		};
/* End PBXFrameworksBuildPhase section */

/* Begin PBXGroup section */
		2FEAAC2324DD361900C649CC /* 分页控制器 */ = {
			isa = PBXGroup;
			children = (
				2FEAAC5424DD363B00C649CC /* YKOrderViewController.h */,
				2FEAAC5524DD363B00C649CC /* YKOrderViewController.m */,
				2FEAAC5624DD363B00C649CC /* YKOrderChildViewController.h */,
				2FEAAC5324DD363B00C649CC /* YKOrderChildViewController.m */,
				2FEAAC5924DD373100C649CC /* YKOrderChildTableViewCell.h */,
				2FEAAC5A24DD373100C649CC /* YKOrderChildTableViewCell.m */,
				2FEAAC2424DD361900C649CC /* WMPageController */,
			);
			path = "分页控制器";
			sourceTree = "<group>";
		};
		2FEAAC2424DD361900C649CC /* WMPageController */ = {
			isa = PBXGroup;
			children = (
				2FEAAC3724DD362600C649CC /* WMMenuView */,
				2FEAAC4124DD362600C649CC /* WMPageConst.h */,
				2FEAAC3624DD362600C649CC /* WMPageController.h */,
				2FEAAC4024DD362600C649CC /* WMPageController.m */,
			);
			path = WMPageController;
			sourceTree = "<group>";
		};
		2FEAAC3724DD362600C649CC /* WMMenuView */ = {
			isa = PBXGroup;
			children = (
				2FEAAC4824DD363200C649CC /* WMMenuItem.h */,
				2FEAAC4C24DD363200C649CC /* WMMenuItem.m */,
				2FEAAC4724DD363200C649CC /* WMMenuView.h */,
				2FEAAC4B24DD363200C649CC /* WMMenuView.m */,
				2FEAAC4E24DD363200C649CC /* WMProgressView.h */,
				2FEAAC4A24DD363200C649CC /* WMProgressView.m */,
				2FEAAC4D24DD363200C649CC /* WMScrollView.h */,
				2FEAAC4924DD363200C649CC /* WMScrollView.m */,
			);
			path = WMMenuView;
			sourceTree = "<group>";
		};
		2FEAAC6924DD37A700C649CC /* BaseTableView */ = {
			isa = PBXGroup;
			children = (
				2FEAAC7024DD37B300C649CC /* TTBaseTableViewController.h */,
				2FEAAC7224DD37B300C649CC /* TTBaseTableViewController.m */,
			);
			path = BaseTableView;
			sourceTree = "<group>";
		};
		60B66C4C33CB89EBC6928215 /* Pods */ = {
			isa = PBXGroup;
			children = (
				79527D84B1FEE904520F6A4D /* Pods-TTCollectionViewController.debug.xcconfig */,
				6D1C39226D6ADB0467BF4826 /* Pods-TTCollectionViewController.release.xcconfig */,
			);
			path = Pods;
			sourceTree = "<group>";
		};
		C8263D19BCC05840F1B4685E /* Frameworks */ = {
			isa = PBXGroup;
			children = (
				38389600F8C23D8CC31089EA /* Pods_TTCollectionViewController.framework */,
			);
			name = Frameworks;
			sourceTree = "<group>";
		};
		E7040E8923BA728F00A6FB0B /* 卡片吸顶布局 */ = {
			isa = PBXGroup;
			children = (
				E7040EF223BA746000A6FB0B /* CardCollectionViewCell.h */,
				E7040EDA23BA746000A6FB0B /* CardCollectionViewCell.m */,
				E7040EF323BA746000A6FB0B /* CardCollectionViewController.h */,
				E7040EF023BA746000A6FB0B /* CardCollectionViewController.m */,
				E7040EF423BA746000A6FB0B /* CardLayout.h */,
				E7040EF123BA746000A6FB0B /* CardLayout.m */,
				E7040EDB23BA746000A6FB0B /* Resource */,
				E7040E9023BA728F00A6FB0B /* Resource */,
			);
			path = "卡片吸顶布局";
			sourceTree = "<group>";
		};
		E7040E9023BA728F00A6FB0B /* Resource */ = {
			isa = PBXGroup;
			children = (
				E7040E9123BA728F00A6FB0B /* 20.gif */,
				E7040E9223BA728F00A6FB0B /* 18.gif */,
				E7040E9323BA728F00A6FB0B /* 19.gif */,
				E7040E9423BA728F00A6FB0B /* 4.gif */,
				E7040E9523BA728F00A6FB0B /* 5.gif */,
				E7040E9623BA728F00A6FB0B /* 7.gif */,
				E7040E9723BA728F00A6FB0B /* 6.gif */,
				E7040E9823BA728F00A6FB0B /* 2.gif */,
				E7040E9923BA728F00A6FB0B /* 3.gif */,
				E7040E9A23BA728F00A6FB0B /* 1.gif */,
				E7040E9B23BA728F00A6FB0B /* 8.gif */,
				E7040E9C23BA728F00A6FB0B /* 9.gif */,
				E7040E9D23BA728F00A6FB0B /* 14.gif */,
				E7040E9E23BA728F00A6FB0B /* 15.gif */,
				E7040E9F23BA728F00A6FB0B /* 17.gif */,
				E7040EA023BA728F00A6FB0B /* 16.gif */,
				E7040EA123BA728F00A6FB0B /* 12.gif */,
				E7040EA223BA728F00A6FB0B /* 13.gif */,
				E7040EA323BA728F00A6FB0B /* 11.gif */,
				E7040EA423BA728F00A6FB0B /* 10.gif */,
			);
			path = Resource;
			sourceTree = "<group>";
		};
		E7040EA523BA728F00A6FB0B /* 标签云 */ = {
			isa = PBXGroup;
			children = (
				E7040F1323BA747C00A6FB0B /* TagsCell.h */,
				E7040F1723BA747C00A6FB0B /* TagsCell.m */,
				E7040F1623BA747C00A6FB0B /* TagsCollectionViewController.h */,
				E7040F1823BA747C00A6FB0B /* TagsCollectionViewController.m */,
				E7040F1223BA747C00A6FB0B /* TagsLayout.h */,
				E7040F1423BA747C00A6FB0B /* TagsLayout.m */,
				E7040F1523BA747C00A6FB0B /* TagsModel.h */,
				E7040F1923BA747C00A6FB0B /* TagsModel.m */,
			);
			path = "标签云";
			sourceTree = "<group>";
		};
		E7040EAE23BA728F00A6FB0B /* 水平分屏滑动 */ = {
			isa = PBXGroup;
			children = (
				E7040F2123BA749100A6FB0B /* HorizontalScrollCell.h */,
				E7040F2023BA749100A6FB0B /* HorizontalScrollCell.m */,
				E7040F1E23BA749100A6FB0B /* HorizontalScrollLayout.h */,
				E7040F1F23BA749100A6FB0B /* HorizontalScrollLayout.m */,
				E7040F2223BA749100A6FB0B /* HorizontalScrollViewController.h */,
				E7040F2323BA749100A6FB0B /* HorizontalScrollViewController.m */,
			);
			path = "水平分屏滑动";
			sourceTree = "<group>";
		};
		E7040EB523BA728F00A6FB0B /* 单选或多选 */ = {
			isa = PBXGroup;
			children = (
				E7040F0D23BA746F00A6FB0B /* RadioCell.h */,
				E7040F0C23BA746F00A6FB0B /* RadioCell.m */,
				E7040F0F23BA746F00A6FB0B /* RadioCollectionViewController.h */,
				E7040F0E23BA746F00A6FB0B /* RadioCollectionViewController.m */,
			);
			path = "单选或多选";
			sourceTree = "<group>";
		};
		E7040EDB23BA746000A6FB0B /* Resource */ = {
			isa = PBXGroup;
			children = (
				E7040EDC23BA746000A6FB0B /* 20.gif */,
				E7040EDD23BA746000A6FB0B /* 18.gif */,
				E7040EDE23BA746000A6FB0B /* 19.gif */,
				E7040EDF23BA746000A6FB0B /* 4.gif */,
				E7040EE023BA746000A6FB0B /* 5.gif */,
				E7040EE123BA746000A6FB0B /* 7.gif */,
				E7040EE223BA746000A6FB0B /* 6.gif */,
				E7040EE323BA746000A6FB0B /* 2.gif */,
				E7040EE423BA746000A6FB0B /* 3.gif */,
				E7040EE523BA746000A6FB0B /* 1.gif */,
				E7040EE623BA746000A6FB0B /* 8.gif */,
				E7040EE723BA746000A6FB0B /* 9.gif */,
				E7040EE823BA746000A6FB0B /* 14.gif */,
				E7040EE923BA746000A6FB0B /* 15.gif */,
				E7040EEA23BA746000A6FB0B /* 17.gif */,
				E7040EEB23BA746000A6FB0B /* 16.gif */,
				E7040EEC23BA746000A6FB0B /* 12.gif */,
				E7040EED23BA746000A6FB0B /* 13.gif */,
				E7040EEE23BA746000A6FB0B /* 11.gif */,
				E7040EEF23BA746000A6FB0B /* 10.gif */,
			);
			path = Resource;
			sourceTree = "<group>";
		};
		E729398222D331DD00213FFB /* 下拉放大 */ = {
			isa = PBXGroup;
			children = (
				E729398322D3324A00213FFB /* TTTableHeaderViewController.h */,
				E729398422D3324A00213FFB /* TTTableHeaderViewController.m */,
				E729398622D3326000213FFB /* TTTableHeaderView.h */,
				E729398722D3326000213FFB /* TTTableHeaderView.m */,
			);
			path = "下拉放大";
			sourceTree = "<group>";
		};
		E73A603422C9EC55008E984A /* ChatRoom(直播列表) */ = {
			isa = PBXGroup;
			children = (
				E73A603522C9EC55008E984A /* Room2 */,
				E73A603922C9EC55008E984A /* Room1 */,
			);
			path = "ChatRoom(直播列表)";
			sourceTree = "<group>";
		};
		E73A603522C9EC55008E984A /* Room2 */ = {
			isa = PBXGroup;
			children = (
				E73A603622C9EC55008E984A /* Controller */,
				E73A603722C9EC55008E984A /* Model */,
				E73A603822C9EC55008E984A /* View */,
			);
			path = Room2;
			sourceTree = "<group>";
		};
		E73A603622C9EC55008E984A /* Controller */ = {
			isa = PBXGroup;
			children = (
				E73A603D22C9F47F008E984A /* TTRoomChatViewController.h */,
				E73A603E22C9F47F008E984A /* TTRoomChatViewController.m */,
			);
			path = Controller;
			sourceTree = "<group>";
		};
		E73A603722C9EC55008E984A /* Model */ = {
			isa = PBXGroup;
			children = (
				E73A604022C9F506008E984A /* MessageModel.h */,
				E73A604122C9F506008E984A /* MessageModel.m */,
			);
			path = Model;
			sourceTree = "<group>";
		};
		E73A603822C9EC55008E984A /* View */ = {
			isa = PBXGroup;
			children = (
				E73A604322C9F560008E984A /* TTRoomChatTableViewCell.h */,
				E73A604422C9F560008E984A /* TTRoomChatTableViewCell.m */,
			);
			path = View;
			sourceTree = "<group>";
		};
		E73A603922C9EC55008E984A /* Room1 */ = {
			isa = PBXGroup;
			children = (
				E73A603A22C9EC55008E984A /* Controller */,
				E73A603B22C9EC55008E984A /* Model */,
				E73A603C22C9EC55008E984A /* View */,
			);
			path = Room1;
			sourceTree = "<group>";
		};
		E73A603A22C9EC55008E984A /* Controller */ = {
			isa = PBXGroup;
			children = (
				E73A604622CA0A42008E984A /* TTMessageViewController.h */,
				E73A604722CA0A42008E984A /* TTMessageViewController.m */,
			);
			path = Controller;
			sourceTree = "<group>";
		};
		E73A603B22C9EC55008E984A /* Model */ = {
			isa = PBXGroup;
			children = (
			);
			path = Model;
			sourceTree = "<group>";
		};
		E73A603C22C9EC55008E984A /* View */ = {
			isa = PBXGroup;
			children = (
				E73A604922CA0AA4008E984A /* TTMessageCell.h */,
				E73A604A22CA0AA4008E984A /* TTMessageCell.m */,
			);
			path = View;
			sourceTree = "<group>";
		};
		E796279522BB829600CA4E03 = {
			isa = PBXGroup;
			children = (
				E79627A022BB829600CA4E03 /* TTCollectionViewController */,
				E796279F22BB829600CA4E03 /* Products */,
				60B66C4C33CB89EBC6928215 /* Pods */,
				C8263D19BCC05840F1B4685E /* Frameworks */,
			);
			sourceTree = "<group>";
		};
		E796279F22BB829600CA4E03 /* Products */ = {
			isa = PBXGroup;
			children = (
				E796279E22BB829600CA4E03 /* TTCollectionViewController.app */,
			);
			name = Products;
			sourceTree = "<group>";
		};
		E79627A022BB829600CA4E03 /* TTCollectionViewController */ = {
			isa = PBXGroup;
			children = (
				E796280C22BB984500CA4E03 /* Classes */,
				E79627A122BB829600CA4E03 /* AppDelegate.h */,
				E79627A222BB829600CA4E03 /* AppDelegate.m */,
				E79627CB22BB841900CA4E03 /* PrefixHeader.h */,
				E79627AA22BB82B200CA4E03 /* Assets.xcassets */,
				E79627AC22BB82B200CA4E03 /* LaunchScreen.storyboard */,
				E79627AF22BB82B200CA4E03 /* Info.plist */,
				E79627B022BB82B200CA4E03 /* main.m */,
			);
			path = TTCollectionViewController;
			sourceTree = "<group>";
		};
		E796280C22BB984500CA4E03 /* Classes */ = {
			isa = PBXGroup;
			children = (
				2FEAAC2324DD361900C649CC /* 分页控制器 */,
				E7040EA523BA728F00A6FB0B /* 标签云 */,
				E7040EB523BA728F00A6FB0B /* 单选或多选 */,
				E7040E8923BA728F00A6FB0B /* 卡片吸顶布局 */,
				E7040EAE23BA728F00A6FB0B /* 水平分屏滑动 */,
				E729398222D331DD00213FFB /* 下拉放大 */,
				E73A603422C9EC55008E984A /* ChatRoom(直播列表) */,
				E796280D22BB984500CA4E03 /* Toast */,
				E796281022BB984500CA4E03 /* Basic */,
				E796281522BB984500CA4E03 /* TYCyclePagerView */,
				E796281C22BB984500CA4E03 /* BannerView */,
				E796281D22BB984500CA4E03 /* TTCollectionView */,
			);
			path = Classes;
			sourceTree = "<group>";
		};
		E796280D22BB984500CA4E03 /* Toast */ = {
			isa = PBXGroup;
			children = (
				E796280E22BB984500CA4E03 /* NSObject+Toast.h */,
				E796280F22BB984500CA4E03 /* NSObject+Toast.m */,
			);
			path = Toast;
			sourceTree = "<group>";
		};
		E796281022BB984500CA4E03 /* Basic */ = {
			isa = PBXGroup;
			children = (
				2FEAAC6924DD37A700C649CC /* BaseTableView */,
				E796281222BB984500CA4E03 /* TTBaseViewController.h */,
				E796281422BB984500CA4E03 /* TTBaseViewController.m */,
				E796281322BB984500CA4E03 /* TTNavigationController.h */,
				E796281122BB984500CA4E03 /* TTNavigationController.m */,
			);
			path = Basic;
			sourceTree = "<group>";
		};
		E796281522BB984500CA4E03 /* TYCyclePagerView */ = {
			isa = PBXGroup;
			children = (
				E796281622BB984500CA4E03 /* TYCyclePagerView.h */,
				E796281922BB984500CA4E03 /* TYCyclePagerView.m */,
				E796281722BB984500CA4E03 /* TYCyclePagerTransformLayout.h */,
				E796281A22BB984500CA4E03 /* TYCyclePagerTransformLayout.m */,
				E796281B22BB984500CA4E03 /* TYPageControl.h */,
				E796281822BB984500CA4E03 /* TYPageControl.m */,
			);
			path = TYCyclePagerView;
			sourceTree = "<group>";
		};
		E796281C22BB984500CA4E03 /* BannerView */ = {
			isa = PBXGroup;
			children = (
				E796283022BB98C100CA4E03 /* TTBannerCollectionViewCell.h */,
				E796283122BB98C100CA4E03 /* TTBannerCollectionViewCell.m */,
				E796283622BB991100CA4E03 /* TTBannerViewCell.h */,
				E796283722BB991100CA4E03 /* TTBannerViewCell.m */,
				E796283922BB9ADC00CA4E03 /* BannerModel.h */,
				E796283A22BB9ADC00CA4E03 /* BannerModel.m */,
			);
			path = BannerView;
			sourceTree = "<group>";
		};
		E796281D22BB984500CA4E03 /* TTCollectionView */ = {
			isa = PBXGroup;
			children = (
				E796282222BB984500CA4E03 /* TTClubCollectionHeaderView.h */,
				E796281F22BB984500CA4E03 /* TTClubCollectionHeaderView.m */,
				E796282122BB984500CA4E03 /* TTClubCollectionFooterView.h */,
				E796282422BB984500CA4E03 /* TTClubCollectionFooterView.m */,
				E796282322BB984500CA4E03 /* TTClubCollectionViewCell.h */,
				E796281E22BB984500CA4E03 /* TTClubCollectionViewCell.m */,
				E796282522BB984500CA4E03 /* TTClubCollectionViewController.h */,
				E796282022BB984500CA4E03 /* TTClubCollectionViewController.m */,
			);
			path = TTCollectionView;
			sourceTree = "<group>";
		};
/* End PBXGroup section */

/* Begin PBXNativeTarget section */
		E796279D22BB829600CA4E03 /* TTCollectionViewController */ = {
			isa = PBXNativeTarget;
			buildConfigurationList = E79627B422BB82B200CA4E03 /* Build configuration list for PBXNativeTarget "TTCollectionViewController" */;
			buildPhases = (
				0311DBA7D28A0C8FBF0CA3CC /* [CP] Check Pods Manifest.lock */,
				E796279A22BB829600CA4E03 /* Sources */,
				E796279B22BB829600CA4E03 /* Frameworks */,
				E796279C22BB829600CA4E03 /* Resources */,
				80D95653DB915E88651AD2F2 /* [CP] Embed Pods Frameworks */,
			);
			buildRules = (
			);
			dependencies = (
			);
			name = TTCollectionViewController;
			productName = TTCollectionViewController;
			productReference = E796279E22BB829600CA4E03 /* TTCollectionViewController.app */;
			productType = "com.apple.product-type.application";
		};
/* End PBXNativeTarget section */

/* Begin PBXProject section */
		E796279622BB829600CA4E03 /* Project object */ = {
			isa = PBXProject;
			attributes = {
				LastUpgradeCheck = 1140;
				ORGANIZATIONNAME = "宁小陌";
				TargetAttributes = {
					E796279D22BB829600CA4E03 = {
						CreatedOnToolsVersion = 10.2.1;
					};
				};
			};
			buildConfigurationList = E796279922BB829600CA4E03 /* Build configuration list for PBXProject "TTCollectionViewController" */;
			compatibilityVersion = "Xcode 9.3";
			developmentRegion = en;
			hasScannedForEncodings = 0;
			knownRegions = (
				en,
				Base,
			);
			mainGroup = E796279522BB829600CA4E03;
			productRefGroup = E796279F22BB829600CA4E03 /* Products */;
			projectDirPath = "";
			projectRoot = "";
			targets = (
				E796279D22BB829600CA4E03 /* TTCollectionViewController */,
			);
		};
/* End PBXProject section */

/* Begin PBXResourcesBuildPhase section */
		E796279C22BB829600CA4E03 /* Resources */ = {
			isa = PBXResourcesBuildPhase;
			buildActionMask = 2147483647;
			files = (
				E7040F0023BA746000A6FB0B /* 8.gif in Resources */,
				E7040ECF23BA728F00A6FB0B /* 11.gif in Resources */,
				E7040ECA23BA728F00A6FB0B /* 15.gif in Resources */,
				E7040EFC23BA746000A6FB0B /* 6.gif in Resources */,
				E7040ECC23BA728F00A6FB0B /* 16.gif in Resources */,
				E7040F0223BA746000A6FB0B /* 14.gif in Resources */,
				E7040ED023BA728F00A6FB0B /* 10.gif in Resources */,
				E7040EF823BA746000A6FB0B /* 19.gif in Resources */,
				E7040EC823BA728F00A6FB0B /* 9.gif in Resources */,
				E7040EC523BA728F00A6FB0B /* 3.gif in Resources */,
				E7040EFB23BA746000A6FB0B /* 7.gif in Resources */,
				E7040EC423BA728F00A6FB0B /* 2.gif in Resources */,
				E7040F0423BA746000A6FB0B /* 17.gif in Resources */,
				E7040EFA23BA746000A6FB0B /* 5.gif in Resources */,
				E7040EF723BA746000A6FB0B /* 18.gif in Resources */,
				E7040EF623BA746000A6FB0B /* 20.gif in Resources */,
				E79627AE22BB82B200CA4E03 /* LaunchScreen.storyboard in Resources */,
				E7040EF923BA746000A6FB0B /* 4.gif in Resources */,
				E7040ECE23BA728F00A6FB0B /* 13.gif in Resources */,
				E7040F0623BA746000A6FB0B /* 12.gif in Resources */,
				E7040EC623BA728F00A6FB0B /* 1.gif in Resources */,
				E79627AB22BB82B200CA4E03 /* Assets.xcassets in Resources */,
			);
			runOnlyForDeploymentPostprocessing = 0;
		};
/* End PBXResourcesBuildPhase section */

/* Begin PBXShellScriptBuildPhase section */
		0311DBA7D28A0C8FBF0CA3CC /* [CP] Check Pods Manifest.lock */ = {
			isa = PBXShellScriptBuildPhase;
			buildActionMask = 2147483647;
			files = (
			);
			inputFileListPaths = (
			);
			inputPaths = (
				"${PODS_PODFILE_DIR_PATH}/Podfile.lock",
				"${PODS_ROOT}/Manifest.lock",
			);
			name = "[CP] Check Pods Manifest.lock";
			outputFileListPaths = (
			);
			outputPaths = (
				"$(DERIVED_FILE_DIR)/Pods-TTCollectionViewController-checkManifestLockResult.txt",
			);
			runOnlyForDeploymentPostprocessing = 0;
			shellPath = /bin/sh;
			shellScript = "diff \"${PODS_PODFILE_DIR_PATH}/Podfile.lock\" \"${PODS_ROOT}/Manifest.lock\" > /dev/null\nif [ $? != 0 ] ; then\n    # print error to STDERR\n    echo \"error: The sandbox is not in sync with the Podfile.lock. Run 'pod install' or update your CocoaPods installation.\" >&2\n    exit 1\nfi\n# This output is used by Xcode 'outputs' to avoid re-running this script phase.\necho \"SUCCESS\" > \"${SCRIPT_OUTPUT_FILE_0}\"\n";
			showEnvVarsInLog = 0;
		};
		80D95653DB915E88651AD2F2 /* [CP] Embed Pods Frameworks */ = {
			isa = PBXShellScriptBuildPhase;
			buildActionMask = 2147483647;
			files = (
			);
			inputFileListPaths = (
				"${PODS_ROOT}/Target Support Files/Pods-TTCollectionViewController/Pods-TTCollectionViewController-frameworks-${CONFIGURATION}-input-files.xcfilelist",
			);
			name = "[CP] Embed Pods Frameworks";
			outputFileListPaths = (
				"${PODS_ROOT}/Target Support Files/Pods-TTCollectionViewController/Pods-TTCollectionViewController-frameworks-${CONFIGURATION}-output-files.xcfilelist",
			);
			runOnlyForDeploymentPostprocessing = 0;
			shellPath = /bin/sh;
			shellScript = "\"${PODS_ROOT}/Target Support Files/Pods-TTCollectionViewController/Pods-TTCollectionViewController-frameworks.sh\"\n";
			showEnvVarsInLog = 0;
		};
/* End PBXShellScriptBuildPhase section */

/* Begin PBXSourcesBuildPhase section */
		E796279A22BB829600CA4E03 /* Sources */ = {
			isa = PBXSourcesBuildPhase;
			buildActionMask = 2147483647;
			files = (
				E796282A22BB984500CA4E03 /* TYCyclePagerView.m in Sources */,
				E7040F1D23BA747C00A6FB0B /* TagsModel.m in Sources */,
				E796282622BB984500CA4E03 /* NSObject+Toast.m in Sources */,
				E796282922BB984500CA4E03 /* TYPageControl.m in Sources */,
				E7040F2623BA749100A6FB0B /* HorizontalScrollViewController.m in Sources */,
				E73A604B22CA0AA4008E984A /* TTMessageCell.m in Sources */,
				E7040F1A23BA747C00A6FB0B /* TagsLayout.m in Sources */,
				2FEAAC5824DD363B00C649CC /* YKOrderViewController.m in Sources */,
				2FEAAC5124DD363200C649CC /* WMMenuView.m in Sources */,
				2FEAAC4F24DD363200C649CC /* WMScrollView.m in Sources */,
				E7040F0B23BA746000A6FB0B /* CardLayout.m in Sources */,
				E796282F22BB984500CA4E03 /* TTClubCollectionFooterView.m in Sources */,
				E73A604522C9F560008E984A /* TTRoomChatTableViewCell.m in Sources */,
				E73A604222C9F506008E984A /* MessageModel.m in Sources */,
				E7040F2423BA749100A6FB0B /* HorizontalScrollLayout.m in Sources */,
				2FEAAC5224DD363200C649CC /* WMMenuItem.m in Sources */,
				E7040F1123BA746F00A6FB0B /* RadioCollectionViewController.m in Sources */,
				E796283B22BB9ADC00CA4E03 /* BannerModel.m in Sources */,
				E796282D22BB984500CA4E03 /* TTClubCollectionHeaderView.m in Sources */,
				2FEAAC5724DD363B00C649CC /* YKOrderChildViewController.m in Sources */,
				E796282C22BB984500CA4E03 /* TTClubCollectionViewCell.m in Sources */,
				E796283222BB98C100CA4E03 /* TTBannerCollectionViewCell.m in Sources */,
				E73A604822CA0A42008E984A /* TTMessageViewController.m in Sources */,
				E79627B122BB82B200CA4E03 /* main.m in Sources */,
				E73A603F22C9F47F008E984A /* TTRoomChatViewController.m in Sources */,
				E796283822BB991100CA4E03 /* TTBannerViewCell.m in Sources */,
				E7040F1C23BA747C00A6FB0B /* TagsCollectionViewController.m in Sources */,
				2FEAAC4624DD362600C649CC /* WMPageController.m in Sources */,
				E7040F1B23BA747C00A6FB0B /* TagsCell.m in Sources */,
				E796282822BB984500CA4E03 /* TTBaseViewController.m in Sources */,
				E7040F1023BA746F00A6FB0B /* RadioCell.m in Sources */,
				E7040EF523BA746000A6FB0B /* CardCollectionViewCell.m in Sources */,
				E7040F0A23BA746000A6FB0B /* CardCollectionViewController.m in Sources */,
				E796282E22BB984500CA4E03 /* TTClubCollectionViewController.m in Sources */,
				E79627A322BB829600CA4E03 /* AppDelegate.m in Sources */,
				2FEAAC5B24DD373100C649CC /* YKOrderChildTableViewCell.m in Sources */,
				E796282B22BB984500CA4E03 /* TYCyclePagerTransformLayout.m in Sources */,
				2FEAAC5024DD363200C649CC /* WMProgressView.m in Sources */,
				E7040F2523BA749100A6FB0B /* HorizontalScrollCell.m in Sources */,
				2FEAAC7524DD37B300C649CC /* TTBaseTableViewController.m in Sources */,
				E729398522D3324A00213FFB /* TTTableHeaderViewController.m in Sources */,
				E729398822D3326000213FFB /* TTTableHeaderView.m in Sources */,
				E796282722BB984500CA4E03 /* TTNavigationController.m in Sources */,
			);
			runOnlyForDeploymentPostprocessing = 0;
		};
/* End PBXSourcesBuildPhase section */

/* Begin PBXVariantGroup section */
		E79627AC22BB82B200CA4E03 /* LaunchScreen.storyboard */ = {
			isa = PBXVariantGroup;
			children = (
				E79627AD22BB82B200CA4E03 /* Base */,
			);
			name = LaunchScreen.storyboard;
			sourceTree = "<group>";
		};
/* End PBXVariantGroup section */

/* Begin XCBuildConfiguration section */
		E79627B222BB82B200CA4E03 /* Debug */ = {
			isa = XCBuildConfiguration;
			buildSettings = {
				ALWAYS_SEARCH_USER_PATHS = NO;
				CLANG_ANALYZER_NONNULL = YES;
				CLANG_ANALYZER_NUMBER_OBJECT_CONVERSION = YES_AGGRESSIVE;
				CLANG_CXX_LANGUAGE_STANDARD = "gnu++14";
				CLANG_CXX_LIBRARY = "libc++";
				CLANG_ENABLE_MODULES = YES;
				CLANG_ENABLE_OBJC_ARC = YES;
				CLANG_ENABLE_OBJC_WEAK = YES;
				CLANG_WARN_BLOCK_CAPTURE_AUTORELEASING = YES;
				CLANG_WARN_BOOL_CONVERSION = YES;
				CLANG_WARN_COMMA = YES;
				CLANG_WARN_CONSTANT_CONVERSION = YES;
				CLANG_WARN_DEPRECATED_OBJC_IMPLEMENTATIONS = YES;
				CLANG_WARN_DIRECT_OBJC_ISA_USAGE = YES_ERROR;
				CLANG_WARN_DOCUMENTATION_COMMENTS = YES;
				CLANG_WARN_EMPTY_BODY = YES;
				CLANG_WARN_ENUM_CONVERSION = YES;
				CLANG_WARN_INFINITE_RECURSION = YES;
				CLANG_WARN_INT_CONVERSION = YES;
				CLANG_WARN_NON_LITERAL_NULL_CONVERSION = YES;
				CLANG_WARN_OBJC_IMPLICIT_RETAIN_SELF = YES;
				CLANG_WARN_OBJC_LITERAL_CONVERSION = YES;
				CLANG_WARN_OBJC_ROOT_CLASS = YES_ERROR;
				CLANG_WARN_RANGE_LOOP_ANALYSIS = YES;
				CLANG_WARN_STRICT_PROTOTYPES = YES;
				CLANG_WARN_SUSPICIOUS_MOVE = YES;
				CLANG_WARN_UNGUARDED_AVAILABILITY = YES_AGGRESSIVE;
				CLANG_WARN_UNREACHABLE_CODE = YES;
				CLANG_WARN__DUPLICATE_METHOD_MATCH = YES;
				CODE_SIGN_IDENTITY = "iPhone Developer";
				COPY_PHASE_STRIP = NO;
				DEBUG_INFORMATION_FORMAT = dwarf;
				ENABLE_STRICT_OBJC_MSGSEND = YES;
				ENABLE_TESTABILITY = YES;
				GCC_C_LANGUAGE_STANDARD = gnu11;
				GCC_DYNAMIC_NO_PIC = NO;
				GCC_NO_COMMON_BLOCKS = YES;
				GCC_OPTIMIZATION_LEVEL = 0;
				GCC_PREPROCESSOR_DEFINITIONS = (
					"DEBUG=1",
					"$(inherited)",
				);
				GCC_WARN_64_TO_32_BIT_CONVERSION = YES;
				GCC_WARN_ABOUT_RETURN_TYPE = YES_ERROR;
				GCC_WARN_UNDECLARED_SELECTOR = YES;
				GCC_WARN_UNINITIALIZED_AUTOS = YES_AGGRESSIVE;
				GCC_WARN_UNUSED_FUNCTION = YES;
				GCC_WARN_UNUSED_VARIABLE = YES;
				IPHONEOS_DEPLOYMENT_TARGET = 12.2;
				MTL_ENABLE_DEBUG_INFO = INCLUDE_SOURCE;
				MTL_FAST_MATH = YES;
				ONLY_ACTIVE_ARCH = YES;
				SDKROOT = iphoneos;
			};
			name = Debug;
		};
		E79627B322BB82B200CA4E03 /* Release */ = {
			isa = XCBuildConfiguration;
			buildSettings = {
				ALWAYS_SEARCH_USER_PATHS = NO;
				CLANG_ANALYZER_NONNULL = YES;
				CLANG_ANALYZER_NUMBER_OBJECT_CONVERSION = YES_AGGRESSIVE;
				CLANG_CXX_LANGUAGE_STANDARD = "gnu++14";
				CLANG_CXX_LIBRARY = "libc++";
				CLANG_ENABLE_MODULES = YES;
				CLANG_ENABLE_OBJC_ARC = YES;
				CLANG_ENABLE_OBJC_WEAK = YES;
				CLANG_WARN_BLOCK_CAPTURE_AUTORELEASING = YES;
				CLANG_WARN_BOOL_CONVERSION = YES;
				CLANG_WARN_COMMA = YES;
				CLANG_WARN_CONSTANT_CONVERSION = YES;
				CLANG_WARN_DEPRECATED_OBJC_IMPLEMENTATIONS = YES;
				CLANG_WARN_DIRECT_OBJC_ISA_USAGE = YES_ERROR;
				CLANG_WARN_DOCUMENTATION_COMMENTS = YES;
				CLANG_WARN_EMPTY_BODY = YES;
				CLANG_WARN_ENUM_CONVERSION = YES;
				CLANG_WARN_INFINITE_RECURSION = YES;
				CLANG_WARN_INT_CONVERSION = YES;
				CLANG_WARN_NON_LITERAL_NULL_CONVERSION = YES;
				CLANG_WARN_OBJC_IMPLICIT_RETAIN_SELF = YES;
				CLANG_WARN_OBJC_LITERAL_CONVERSION = YES;
				CLANG_WARN_OBJC_ROOT_CLASS = YES_ERROR;
				CLANG_WARN_RANGE_LOOP_ANALYSIS = YES;
				CLANG_WARN_STRICT_PROTOTYPES = YES;
				CLANG_WARN_SUSPICIOUS_MOVE = YES;
				CLANG_WARN_UNGUARDED_AVAILABILITY = YES_AGGRESSIVE;
				CLANG_WARN_UNREACHABLE_CODE = YES;
				CLANG_WARN__DUPLICATE_METHOD_MATCH = YES;
				CODE_SIGN_IDENTITY = "iPhone Developer";
				COPY_PHASE_STRIP = NO;
				DEBUG_INFORMATION_FORMAT = "dwarf-with-dsym";
				ENABLE_NS_ASSERTIONS = NO;
				ENABLE_STRICT_OBJC_MSGSEND = YES;
				GCC_C_LANGUAGE_STANDARD = gnu11;
				GCC_NO_COMMON_BLOCKS = YES;
				GCC_WARN_64_TO_32_BIT_CONVERSION = YES;
				GCC_WARN_ABOUT_RETURN_TYPE = YES_ERROR;
				GCC_WARN_UNDECLARED_SELECTOR = YES;
				GCC_WARN_UNINITIALIZED_AUTOS = YES_AGGRESSIVE;
				GCC_WARN_UNUSED_FUNCTION = YES;
				GCC_WARN_UNUSED_VARIABLE = YES;
				IPHONEOS_DEPLOYMENT_TARGET = 12.2;
				MTL_ENABLE_DEBUG_INFO = NO;
				MTL_FAST_MATH = YES;
				SDKROOT = iphoneos;
				VALIDATE_PRODUCT = YES;
			};
			name = Release;
		};
		E79627B522BB82B200CA4E03 /* Debug */ = {
			isa = XCBuildConfiguration;
			baseConfigurationReference = 79527D84B1FEE904520F6A4D /* Pods-TTCollectionViewController.debug.xcconfig */;
			buildSettings = {
				ASSETCATALOG_COMPILER_APPICON_NAME = AppIcon;
				CODE_SIGN_STYLE = Automatic;
				DEVELOPMENT_TEAM = D7JLHMGPDM;
				GCC_PREFIX_HEADER = TTCollectionViewController/PrefixHeader.h;
				INFOPLIST_FILE = TTCollectionViewController/Info.plist;
				IPHONEOS_DEPLOYMENT_TARGET = 9.0;
				LD_RUNPATH_SEARCH_PATHS = (
					"$(inherited)",
					"@executable_path/Frameworks",
				);
				PRODUCT_BUNDLE_IDENTIFIER = com.beta.live.TTCollectionViewController;
				PRODUCT_NAME = "$(TARGET_NAME)";
				TARGETED_DEVICE_FAMILY = "1,2";
			};
			name = Debug;
		};
		E79627B622BB82B200CA4E03 /* Release */ = {
			isa = XCBuildConfiguration;
			baseConfigurationReference = 6D1C39226D6ADB0467BF4826 /* Pods-TTCollectionViewController.release.xcconfig */;
			buildSettings = {
				ASSETCATALOG_COMPILER_APPICON_NAME = AppIcon;
				CODE_SIGN_STYLE = Automatic;
				DEVELOPMENT_TEAM = D7JLHMGPDM;
				GCC_PREFIX_HEADER = TTCollectionViewController/PrefixHeader.h;
				INFOPLIST_FILE = TTCollectionViewController/Info.plist;
				IPHONEOS_DEPLOYMENT_TARGET = 9.0;
				LD_RUNPATH_SEARCH_PATHS = (
					"$(inherited)",
					"@executable_path/Frameworks",
				);
				PRODUCT_BUNDLE_IDENTIFIER = com.beta.live.TTCollectionViewController;
				PRODUCT_NAME = "$(TARGET_NAME)";
				TARGETED_DEVICE_FAMILY = "1,2";
			};
			name = Release;
		};
/* End XCBuildConfiguration section */

/* Begin XCConfigurationList section */
		E796279922BB829600CA4E03 /* Build configuration list for PBXProject "TTCollectionViewController" */ = {
			isa = XCConfigurationList;
			buildConfigurations = (
				E79627B222BB82B200CA4E03 /* Debug */,
				E79627B322BB82B200CA4E03 /* Release */,
			);
			defaultConfigurationIsVisible = 0;
			defaultConfigurationName = Release;
		};
		E79627B422BB82B200CA4E03 /* Build configuration list for PBXNativeTarget "TTCollectionViewController" */ = {
			isa = XCConfigurationList;
			buildConfigurations = (
				E79627B522BB82B200CA4E03 /* Debug */,
				E79627B622BB82B200CA4E03 /* Release */,
			);
			defaultConfigurationIsVisible = 0;
			defaultConfigurationName = Release;
		};
/* End XCConfigurationList section */
	};
	rootObject = E796279622BB829600CA4E03 /* Project object */;
}
